// !$*UTF8*$!
{
	archiveVersion = 1;
	classes = {
	};
	objectVersion = 50;
	objects = {

/* Begin PBXBuildFile section */
		7263840924A2D77F00064794 /* AppDelegate.swift in Sources */ = {isa = PBXBuildFile; fileRef = 7263840824A2D77F00064794 /* AppDelegate.swift */; };
		7263840B24A2D77F00064794 /* SceneDelegate.swift in Sources */ = {isa = PBXBuildFile; fileRef = 7263840A24A2D77F00064794 /* SceneDelegate.swift */; };
		7263840D24A2D77F00064794 /* ViewController.swift in Sources */ = {isa = PBXBuildFile; fileRef = 7263840C24A2D77F00064794 /* ViewController.swift */; };
		7263841024A2D77F00064794 /* Main.storyboard in Resources */ = {isa = PBXBuildFile; fileRef = 7263840E24A2D77F00064794 /* Main.storyboard */; };
		7263841224A2D78000064794 /* Assets.xcassets in Resources */ = {isa = PBXBuildFile; fileRef = 7263841124A2D78000064794 /* Assets.xcassets */; };
		7263841524A2D78000064794 /* LaunchScreen.storyboard in Resources */ = {isa = PBXBuildFile; fileRef = 7263841324A2D78000064794 /* LaunchScreen.storyboard */; };
		7263842024A2D78100064794 /* StepCounterTests.swift in Sources */ = {isa = PBXBuildFile; fileRef = 7263841F24A2D78100064794 /* StepCounterTests.swift */; };
		7263842B24A2D78100064794 /* StepCounterUITests.swift in Sources */ = {isa = PBXBuildFile; fileRef = 7263842A24A2D78100064794 /* StepCounterUITests.swift */; };
/* End PBXBuildFile section */

/* Begin PBXContainerItemProxy section */
		7263841C24A2D78100064794 /* PBXContainerItemProxy */ = {
			isa = PBXContainerItemProxy;
			containerPortal = 726383FD24A2D77F00064794 /* Project object */;
			proxyType = 1;
			remoteGlobalIDString = 7263840424A2D77F00064794;
			remoteInfo = StepCounter;
		};
		7263842724A2D78100064794 /* PBXContainerItemProxy */ = {
			isa = PBXContainerItemProxy;
			containerPortal = 726383FD24A2D77F00064794 /* Project object */;
			proxyType = 1;
			remoteGlobalIDString = 7263840424A2D77F00064794;
			remoteInfo = StepCounter;
		};
/* End PBXContainerItemProxy section */

/* Begin PBXFileReference section */
		7263840524A2D77F00064794 /* StepCounter.app */ = {isa = PBXFileReference; explicitFileType = wrapper.application; includeInIndex = 0; path = StepCounter.app; sourceTree = BUILT_PRODUCTS_DIR; };
		7263840824A2D77F00064794 /* AppDelegate.swift */ = {isa = PBXFileReference; lastKnownFileType = sourcecode.swift; path = AppDelegate.swift; sourceTree = "<group>"; };
		7263840A24A2D77F00064794 /* SceneDelegate.swift */ = {isa = PBXFileReference; lastKnownFileType = sourcecode.swift; path = SceneDelegate.swift; sourceTree = "<group>"; };
		7263840C24A2D77F00064794 /* ViewController.swift */ = {isa = PBXFileReference; lastKnownFileType = sourcecode.swift; path = ViewController.swift; sourceTree = "<group>"; };
		7263840F24A2D77F00064794 /* Base */ = {isa = PBXFileReference; lastKnownFileType = file.storyboard; name = Base; path = Base.lproj/Main.storyboard; sourceTree = "<group>"; };
		7263841124A2D78000064794 /* Assets.xcassets */ = {isa = PBXFileReference; lastKnownFileType = folder.assetcatalog; path = Assets.xcassets; sourceTree = "<group>"; };
		7263841424A2D78000064794 /* Base */ = {isa = PBXFileReference; lastKnownFileType = file.storyboard; name = Base; path = Base.lproj/LaunchScreen.storyboard; sourceTree = "<group>"; };
		7263841624A2D78000064794 /* Info.plist */ = {isa = PBXFileReference; lastKnownFileType = text.plist.xml; path = Info.plist; sourceTree = "<group>"; };
		7263841B24A2D78100064794 /* StepCounterTests.xctest */ = {isa = PBXFileReference; explicitFileType = wrapper.cfbundle; includeInIndex = 0; path = StepCounterTests.xctest; sourceTree = BUILT_PRODUCTS_DIR; };
		7263841F24A2D78100064794 /* StepCounterTests.swift */ = {isa = PBXFileReference; lastKnownFileType = sourcecode.swift; path = StepCounterTests.swift; sourceTree = "<group>"; };
		7263842124A2D78100064794 /* Info.plist */ = {isa = PBXFileReference; lastKnownFileType = text.plist.xml; path = Info.plist; sourceTree = "<group>"; };
		7263842624A2D78100064794 /* StepCounterUITests.xctest */ = {isa = PBXFileReference; explicitFileType = wrapper.cfbundle; includeInIndex = 0; path = StepCounterUITests.xctest; sourceTree = BUILT_PRODUCTS_DIR; };
		7263842A24A2D78100064794 /* StepCounterUITests.swift */ = {isa = PBXFileReference; lastKnownFileType = sourcecode.swift; path = StepCounterUITests.swift; sourceTree = "<group>"; };
		7263842C24A2D78100064794 /* Info.plist */ = {isa = PBXFileReference; lastKnownFileType = text.plist.xml; path = Info.plist; sourceTree = "<group>"; };
/* End PBXFileReference section */

/* Begin PBXFrameworksBuildPhase section */
		7263840224A2D77F00064794 /* Frameworks */ = {
			isa = PBXFrameworksBuildPhase;
			buildActionMask = 2147483647;
			files = (
			);
			runOnlyForDeploymentPostprocessing = 0;
		};
		7263841824A2D78100064794 /* Frameworks */ = {
			isa = PBXFrameworksBuildPhase;
			buildActionMask = 2147483647;
			files = (
			);
			runOnlyForDeploymentPostprocessing = 0;
		};
		7263842324A2D78100064794 /* Frameworks */ = {
			isa = PBXFrameworksBuildPhase;
			buildActionMask = 2147483647;
			files = (
			);
			runOnlyForDeploymentPostprocessing = 0;
		};
/* End PBXFrameworksBuildPhase section */

/* Begin PBXGroup section */
		726383FC24A2D77F00064794 = {
			isa = PBXGroup;
			children = (
				7263840724A2D77F00064794 /* StepCounter */,
				7263841E24A2D78100064794 /* StepCounterTests */,
				7263842924A2D78100064794 /* StepCounterUITests */,
				7263840624A2D77F00064794 /* Products */,
			);
			sourceTree = "<group>";
		};
		7263840624A2D77F00064794 /* Products */ = {
			isa = PBXGroup;
			children = (
				7263840524A2D77F00064794 /* StepCounter.app */,
				7263841B24A2D78100064794 /* StepCounterTests.xctest */,
				7263842624A2D78100064794 /* StepCounterUITests.xctest */,
			);
			name = Products;
			sourceTree = "<group>";
		};
		7263840724A2D77F00064794 /* StepCounter */ = {
			isa = PBXGroup;
			children = (
				7263840824A2D77F00064794 /* AppDelegate.swift */,
				7263840A24A2D77F00064794 /* SceneDelegate.swift */,
				7263840C24A2D77F00064794 /* ViewController.swift */,
				7263840E24A2D77F00064794 /* Main.storyboard */,
				7263841124A2D78000064794 /* Assets.xcassets */,
				7263841324A2D78000064794 /* LaunchScreen.storyboard */,
				7263841624A2D78000064794 /* Info.plist */,
			);
			path = StepCounter;
			sourceTree = "<group>";
		};
		7263841E24A2D78100064794 /* StepCounterTests */ = {
			isa = PBXGroup;
			children = (
				7263841F24A2D78100064794 /* StepCounterTests.swift */,
				7263842124A2D78100064794 /* Info.plist */,
			);
			path = StepCounterTests;
			sourceTree = "<group>";
		};
		7263842924A2D78100064794 /* StepCounterUITests */ = {
			isa = PBXGroup;
			children = (
				7263842A24A2D78100064794 /* StepCounterUITests.swift */,
				7263842C24A2D78100064794 /* Info.plist */,
			);
			path = StepCounterUITests;
			sourceTree = "<group>";
		};
/* End PBXGroup section */

/* Begin PBXNativeTarget section */
		7263840424A2D77F00064794 /* StepCounter */ = {
			isa = PBXNativeTarget;
			buildConfigurationList = 7263842F24A2D78100064794 /* Build configuration list for PBXNativeTarget "StepCounter" */;
			buildPhases = (
				7263840124A2D77F00064794 /* Sources */,
				7263840224A2D77F00064794 /* Frameworks */,
				7263840324A2D77F00064794 /* Resources */,
			);
			buildRules = (
			);
			dependencies = (
			);
			name = StepCounter;
			productName = StepCounter;
			productReference = 7263840524A2D77F00064794 /* StepCounter.app */;
			productType = "com.apple.product-type.application";
		};
		7263841A24A2D78100064794 /* StepCounterTests */ = {
			isa = PBXNativeTarget;
			buildConfigurationList = 7263843224A2D78100064794 /* Build configuration list for PBXNativeTarget "StepCounterTests" */;
			buildPhases = (
				7263841724A2D78100064794 /* Sources */,
				7263841824A2D78100064794 /* Frameworks */,
				7263841924A2D78100064794 /* Resources */,
			);
			buildRules = (
			);
			dependencies = (
				7263841D24A2D78100064794 /* PBXTargetDependency */,
			);
			name = StepCounterTests;
			productName = StepCounterTests;
			productReference = 7263841B24A2D78100064794 /* StepCounterTests.xctest */;
			productType = "com.apple.product-type.bundle.unit-test";
		};
		7263842524A2D78100064794 /* StepCounterUITests */ = {
			isa = PBXNativeTarget;
			buildConfigurationList = 7263843524A2D78100064794 /* Build configuration list for PBXNativeTarget "StepCounterUITests" */;
			buildPhases = (
				7263842224A2D78100064794 /* Sources */,
				7263842324A2D78100064794 /* Frameworks */,
				7263842424A2D78100064794 /* Resources */,
			);
			buildRules = (
			);
			dependencies = (
				7263842824A2D78100064794 /* PBXTargetDependency */,
			);
			name = StepCounterUITests;
			productName = StepCounterUITests;
			productReference = 7263842624A2D78100064794 /* StepCounterUITests.xctest */;
			productType = "com.apple.product-type.bundle.ui-testing";
		};
/* End PBXNativeTarget section */

/* Begin PBXProject section */
		726383FD24A2D77F00064794 /* Project object */ = {
			isa = PBXProject;
			attributes = {
				LastSwiftUpdateCheck = 1150;
				LastUpgradeCheck = 1150;
				ORGANIZATIONNAME = "Parithi Network";
				TargetAttributes = {
					7263840424A2D77F00064794 = {
						CreatedOnToolsVersion = 11.5;
					};
					7263841A24A2D78100064794 = {
						CreatedOnToolsVersion = 11.5;
						TestTargetID = 7263840424A2D77F00064794;
					};
					7263842524A2D78100064794 = {
						CreatedOnToolsVersion = 11.5;
						TestTargetID = 7263840424A2D77F00064794;
					};
				};
			};
			buildConfigurationList = 7263840024A2D77F00064794 /* Build configuration list for PBXProject "StepCounter" */;
			compatibilityVersion = "Xcode 9.3";
			developmentRegion = en;
			hasScannedForEncodings = 0;
			knownRegions = (
				en,
				Base,
			);
			mainGroup = 726383FC24A2D77F00064794;
			productRefGroup = 7263840624A2D77F00064794 /* Products */;
			projectDirPath = "";
			projectRoot = "";
			targets = (
				7263840424A2D77F00064794 /* StepCounter */,
				7263841A24A2D78100064794 /* StepCounterTests */,
				7263842524A2D78100064794 /* StepCounterUITests */,
			);
		};
/* End PBXProject section */

/* Begin PBXResourcesBuildPhase section */
		7263840324A2D77F00064794 /* Resources */ = {
			isa = PBXResourcesBuildPhase;
			buildActionMask = 2147483647;
			files = (
				7263841524A2D78000064794 /* LaunchScreen.storyboard in Resources */,
				7263841224A2D78000064794 /* Assets.xcassets in Resources */,
				7263841024A2D77F00064794 /* Main.storyboard in Resources */,
			);
			runOnlyForDeploymentPostprocessing = 0;
		};
		7263841924A2D78100064794 /* Resources */ = {
			isa = PBXResourcesBuildPhase;
			buildActionMask = 2147483647;
			files = (
			);
			runOnlyForDeploymentPostprocessing = 0;
		};
		7263842424A2D78100064794 /* Resources */ = {
			isa = PBXResourcesBuildPhase;
			buildActionMask = 2147483647;
			files = (
			);
			runOnlyForDeploymentPostprocessing = 0;
		};
/* End PBXResourcesBuildPhase section */

/* Begin PBXSourcesBuildPhase section */
		7263840124A2D77F00064794 /* Sources */ = {
			isa = PBXSourcesBuildPhase;
			buildActionMask = 2147483647;
			files = (
				7263840D24A2D77F00064794 /* ViewController.swift in Sources */,
				7263840924A2D77F00064794 /* AppDelegate.swift in Sources */,
				7263840B24A2D77F00064794 /* SceneDelegate.swift in Sources */,
			);
			runOnlyForDeploymentPostprocessing = 0;
		};
		7263841724A2D78100064794 /* Sources */ = {
			isa = PBXSourcesBuildPhase;
			buildActionMask = 2147483647;
			files = (
				7263842024A2D78100064794 /* StepCounterTests.swift in Sources */,
			);
			runOnlyForDeploymentPostprocessing = 0;
		};
		7263842224A2D78100064794 /* Sources */ = {
			isa = PBXSourcesBuildPhase;
			buildActionMask = 2147483647;
			files = (
				7263842B24A2D78100064794 /* StepCounterUITests.swift in Sources */,
			);
			runOnlyForDeploymentPostprocessing = 0;
		};
/* End PBXSourcesBuildPhase section */

/* Begin PBXTargetDependency section */
		7263841D24A2D78100064794 /* PBXTargetDependency */ = {
			isa = PBXTargetDependency;
			target = 7263840424A2D77F00064794 /* StepCounter */;
			targetProxy = 7263841C24A2D78100064794 /* PBXContainerItemProxy */;
		};
		7263842824A2D78100064794 /* PBXTargetDependency */ = {
			isa = PBXTargetDependency;
			target = 7263840424A2D77F00064794 /* StepCounter */;
			targetProxy = 7263842724A2D78100064794 /* PBXContainerItemProxy */;
		};
/* End PBXTargetDependency section */

/* Begin PBXVariantGroup section */
		7263840E24A2D77F00064794 /* Main.storyboard */ = {
			isa = PBXVariantGroup;
			children = (
				7263840F24A2D77F00064794 /* Base */,
			);
			name = Main.storyboard;
			sourceTree = "<group>";
		};
		7263841324A2D78000064794 /* LaunchScreen.storyboard */ = {
			isa = PBXVariantGroup;
			children = (
				7263841424A2D78000064794 /* Base */,
			);
			name = LaunchScreen.storyboard;
			sourceTree = "<group>";
		};
/* End PBXVariantGroup section */

/* Begin XCBuildConfiguration section */
		7263842D24A2D78100064794 /* Debug */ = {
			isa = XCBuildConfiguration;
			buildSettings = {
				ALWAYS_SEARCH_USER_PATHS = NO;
				CLANG_ANALYZER_NONNULL = YES;
				CLANG_ANALYZER_NUMBER_OBJECT_CONVERSION = YES_AGGRESSIVE;
				CLANG_CXX_LANGUAGE_STANDARD = "gnu++14";
				CLANG_CXX_LIBRARY = "libc++";
				CLANG_ENABLE_MODULES = YES;
				CLANG_ENABLE_OBJC_ARC = YES;
				CLANG_ENABLE_OBJC_WEAK = YES;
				CLANG_WARN_BLOCK_CAPTURE_AUTORELEASING = YES;
				CLANG_WARN_BOOL_CONVERSION = YES;
				CLANG_WARN_COMMA = YES;
				CLANG_WARN_CONSTANT_CONVERSION = YES;
				CLANG_WARN_DEPRECATED_OBJC_IMPLEMENTATIONS = YES;
				CLANG_WARN_DIRECT_OBJC_ISA_USAGE = YES_ERROR;
				CLANG_WARN_DOCUMENTATION_COMMENTS = YES;
				CLANG_WARN_EMPTY_BODY = YES;
				CLANG_WARN_ENUM_CONVERSION = YES;
				CLANG_WARN_INFINITE_RECURSION = YES;
				CLANG_WARN_INT_CONVERSION = YES;
				CLANG_WARN_NON_LITERAL_NULL_CONVERSION = YES;
				CLANG_WARN_OBJC_IMPLICIT_RETAIN_SELF = YES;
				CLANG_WARN_OBJC_LITERAL_CONVERSION = YES;
				CLANG_WARN_OBJC_ROOT_CLASS = YES_ERROR;
				CLANG_WARN_RANGE_LOOP_ANALYSIS = YES;
				CLANG_WARN_STRICT_PROTOTYPES = YES;
				CLANG_WARN_SUSPICIOUS_MOVE = YES;
				CLANG_WARN_UNGUARDED_AVAILABILITY = YES_AGGRESSIVE;
				CLANG_WARN_UNREACHABLE_CODE = YES;
				CLANG_WARN__DUPLICATE_METHOD_MATCH = YES;
				COPY_PHASE_STRIP = NO;
				DEBUG_INFORMATION_FORMAT = dwarf;
				ENABLE_STRICT_OBJC_MSGSEND = YES;
				ENABLE_TESTABILITY = YES;
				GCC_C_LANGUAGE_STANDARD = gnu11;
				GCC_DYNAMIC_NO_PIC = NO;
				GCC_NO_COMMON_BLOCKS = YES;
				GCC_OPTIMIZATION_LEVEL = 0;
				GCC_PREPROCESSOR_DEFINITIONS = (
					"DEBUG=1",
					"$(inherited)",
				);
				GCC_WARN_64_TO_32_BIT_CONVERSION = YES;
				GCC_WARN_ABOUT_RETURN_TYPE = YES_ERROR;
				GCC_WARN_UNDECLARED_SELECTOR = YES;
				GCC_WARN_UNINITIALIZED_AUTOS = YES_AGGRESSIVE;
				GCC_WARN_UNUSED_FUNCTION = YES;
				GCC_WARN_UNUSED_VARIABLE = YES;
				IPHONEOS_DEPLOYMENT_TARGET = 13.5;
				MTL_ENABLE_DEBUG_INFO = INCLUDE_SOURCE;
				MTL_FAST_MATH = YES;
				ONLY_ACTIVE_ARCH = YES;
				SDKROOT = iphoneos;
				SWIFT_ACTIVE_COMPILATION_CONDITIONS = DEBUG;
				SWIFT_OPTIMIZATION_LEVEL = "-Onone";
			};
			name = Debug;
		};
		7263842E24A2D78100064794 /* Release */ = {
			isa = XCBuildConfiguration;
			buildSettings = {
				ALWAYS_SEARCH_USER_PATHS = NO;
				CLANG_ANALYZER_NONNULL = YES;
				CLANG_ANALYZER_NUMBER_OBJECT_CONVERSION = YES_AGGRESSIVE;
				CLANG_CXX_LANGUAGE_STANDARD = "gnu++14";
				CLANG_CXX_LIBRARY = "libc++";
				CLANG_ENABLE_MODULES = YES;
				CLANG_ENABLE_OBJC_ARC = YES;
				CLANG_ENABLE_OBJC_WEAK = YES;
				CLANG_WARN_BLOCK_CAPTURE_AUTORELEASING = YES;
				CLANG_WARN_BOOL_CONVERSION = YES;
				CLANG_WARN_COMMA = YES;
				CLANG_WARN_CONSTANT_CONVERSION = YES;
				CLANG_WARN_DEPRECATED_OBJC_IMPLEMENTATIONS = YES;
				CLANG_WARN_DIRECT_OBJC_ISA_USAGE = YES_ERROR;
				CLANG_WARN_DOCUMENTATION_COMMENTS = YES;
				CLANG_WARN_EMPTY_BODY = YES;
				CLANG_WARN_ENUM_CONVERSION = YES;
				CLANG_WARN_INFINITE_RECURSION = YES;
				CLANG_WARN_INT_CONVERSION = YES;
				CLANG_WARN_NON_LITERAL_NULL_CONVERSION = YES;
				CLANG_WARN_OBJC_IMPLICIT_RETAIN_SELF = YES;
				CLANG_WARN_OBJC_LITERAL_CONVERSION = YES;
				CLANG_WARN_OBJC_ROOT_CLASS = YES_ERROR;
				CLANG_WARN_RANGE_LOOP_ANALYSIS = YES;
				CLANG_WARN_STRICT_PROTOTYPES = YES;
				CLANG_WARN_SUSPICIOUS_MOVE = YES;
				CLANG_WARN_UNGUARDED_AVAILABILITY = YES_AGGRESSIVE;
				CLANG_WARN_UNREACHABLE_CODE = YES;
				CLANG_WARN__DUPLICATE_METHOD_MATCH = YES;
				COPY_PHASE_STRIP = NO;
				DEBUG_INFORMATION_FORMAT = "dwarf-with-dsym";
				ENABLE_NS_ASSERTIONS = NO;
				ENABLE_STRICT_OBJC_MSGSEND = YES;
				GCC_C_LANGUAGE_STANDARD = gnu11;
				GCC_NO_COMMON_BLOCKS = YES;
				GCC_WARN_64_TO_32_BIT_CONVERSION = YES;
				GCC_WARN_ABOUT_RETURN_TYPE = YES_ERROR;
				GCC_WARN_UNDECLARED_SELECTOR = YES;
				GCC_WARN_UNINITIALIZED_AUTOS = YES_AGGRESSIVE;
				GCC_WARN_UNUSED_FUNCTION = YES;
				GCC_WARN_UNUSED_VARIABLE = YES;
				IPHONEOS_DEPLOYMENT_TARGET = 13.5;
				MTL_ENABLE_DEBUG_INFO = NO;
				MTL_FAST_MATH = YES;
				SDKROOT = iphoneos;
				SWIFT_COMPILATION_MODE = wholemodule;
				SWIFT_OPTIMIZATION_LEVEL = "-O";
				VALIDATE_PRODUCT = YES;
			};
			name = Release;
		};
		7263843024A2D78100064794 /* Debug */ = {
			isa = XCBuildConfiguration;
			buildSettings = {
				ASSETCATALOG_COMPILER_APPICON_NAME = AppIcon;
				CODE_SIGN_STYLE = Automatic;
				DEVELOPMENT_TEAM = K94DMEBCWD;
				INFOPLIST_FILE = StepCounter/Info.plist;
				LD_RUNPATH_SEARCH_PATHS = (
					"$(inherited)",
					"@executable_path/Frameworks",
				);
				PRODUCT_BUNDLE_IDENTIFIER = com.parithi.StepCounter;
				PRODUCT_NAME = "$(TARGET_NAME)";
				SWIFT_VERSION = 5.0;
				TARGETED_DEVICE_FAMILY = "1,2";
			};
			name = Debug;
		};
		7263843124A2D78100064794 /* Release */ = {
			isa = XCBuildConfiguration;
			buildSettings = {
				ASSETCATALOG_COMPILER_APPICON_NAME = AppIcon;
				CODE_SIGN_STYLE = Automatic;
				DEVELOPMENT_TEAM = K94DMEBCWD;
				INFOPLIST_FILE = StepCounter/Info.plist;
				LD_RUNPATH_SEARCH_PATHS = (
					"$(inherited)",
					"@executable_path/Frameworks",
				);
				PRODUCT_BUNDLE_IDENTIFIER = com.parithi.StepCounter;
				PRODUCT_NAME = "$(TARGET_NAME)";
				SWIFT_VERSION = 5.0;
				TARGETED_DEVICE_FAMILY = "1,2";
			};
			name = Release;
		};
		7263843324A2D78100064794 /* Debug */ = {
			isa = XCBuildConfiguration;
			buildSettings = {
				ALWAYS_EMBED_SWIFT_STANDARD_LIBRARIES = YES;
				BUNDLE_LOADER = "$(TEST_HOST)";
				CODE_SIGN_STYLE = Automatic;
				DEVELOPMENT_TEAM = K94DMEBCWD;
				INFOPLIST_FILE = StepCounterTests/Info.plist;
				IPHONEOS_DEPLOYMENT_TARGET = 13.5;
				LD_RUNPATH_SEARCH_PATHS = (
					"$(inherited)",
					"@executable_path/Frameworks",
					"@loader_path/Frameworks",
				);
				PRODUCT_BUNDLE_IDENTIFIER = com.parithi.StepCounterTests;
				PRODUCT_NAME = "$(TARGET_NAME)";
				SWIFT_VERSION = 5.0;
				TARGETED_DEVICE_FAMILY = "1,2";
				TEST_HOST = "$(BUILT_PRODUCTS_DIR)/StepCounter.app/StepCounter";
			};
			name = Debug;
		};
		7263843424A2D78100064794 /* Release */ = {
			isa = XCBuildConfiguration;
			buildSettings = {
				ALWAYS_EMBED_SWIFT_STANDARD_LIBRARIES = YES;
				BUNDLE_LOADER = "$(TEST_HOST)";
				CODE_SIGN_STYLE = Automatic;
				DEVELOPMENT_TEAM = K94DMEBCWD;
				INFOPLIST_FILE = StepCounterTests/Info.plist;
				IPHONEOS_DEPLOYMENT_TARGET = 13.5;
				LD_RUNPATH_SEARCH_PATHS = (
					"$(inherited)",
					"@executable_path/Frameworks",
					"@loader_path/Frameworks",
				);
				PRODUCT_BUNDLE_IDENTIFIER = com.parithi.StepCounterTests;
				PRODUCT_NAME = "$(TARGET_NAME)";
				SWIFT_VERSION = 5.0;
				TARGETED_DEVICE_FAMILY = "1,2";
				TEST_HOST = "$(BUILT_PRODUCTS_DIR)/StepCounter.app/StepCounter";
			};
			name = Release;
		};
		7263843624A2D78100064794 /* Debug */ = {
			isa = XCBuildConfiguration;
			buildSettings = {
				ALWAYS_EMBED_SWIFT_STANDARD_LIBRARIES = YES;
				CODE_SIGN_STYLE = Automatic;
				DEVELOPMENT_TEAM = K94DMEBCWD;
				INFOPLIST_FILE = StepCounterUITests/Info.plist;
				LD_RUNPATH_SEARCH_PATHS = (
					"$(inherited)",
					"@executable_path/Frameworks",
					"@loader_path/Frameworks",
				);
				PRODUCT_BUNDLE_IDENTIFIER = com.parithi.StepCounterUITests;
				PRODUCT_NAME = "$(TARGET_NAME)";
				SWIFT_VERSION = 5.0;
				TARGETED_DEVICE_FAMILY = "1,2";
				TEST_TARGET_NAME = StepCounter;
			};
			name = Debug;
		};
		7263843724A2D78100064794 /* Release */ = {
			isa = XCBuildConfiguration;
			buildSettings = {
				ALWAYS_EMBED_SWIFT_STANDARD_LIBRARIES = YES;
				CODE_SIGN_STYLE = Automatic;
				DEVELOPMENT_TEAM = K94DMEBCWD;
				INFOPLIST_FILE = StepCounterUITests/Info.plist;
				LD_RUNPATH_SEARCH_PATHS = (
					"$(inherited)",
					"@executable_path/Frameworks",
					"@loader_path/Frameworks",
				);
				PRODUCT_BUNDLE_IDENTIFIER = com.parithi.StepCounterUITests;
				PRODUCT_NAME = "$(TARGET_NAME)";
				SWIFT_VERSION = 5.0;
				TARGETED_DEVICE_FAMILY = "1,2";
				TEST_TARGET_NAME = StepCounter;
			};
			name = Release;
		};
/* End XCBuildConfiguration section */

/* Begin XCConfigurationList section */
		7263840024A2D77F00064794 /* Build configuration list for PBXProject "StepCounter" */ = {
			isa = XCConfigurationList;
			buildConfigurations = (
				7263842D24A2D78100064794 /* Debug */,
				7263842E24A2D78100064794 /* Release */,
			);
			defaultConfigurationIsVisible = 0;
			defaultConfigurationName = Release;
		};
		7263842F24A2D78100064794 /* Build configuration list for PBXNativeTarget "StepCounter" */ = {
			isa = XCConfigurationList;
			buildConfigurations = (
				7263843024A2D78100064794 /* Debug */,
				7263843124A2D78100064794 /* Release */,
			);
			defaultConfigurationIsVisible = 0;
			defaultConfigurationName = Release;
		};
		7263843224A2D78100064794 /* Build configuration list for PBXNativeTarget "StepCounterTests" */ = {
			isa = XCConfigurationList;
			buildConfigurations = (
				7263843324A2D78100064794 /* Debug */,
				7263843424A2D78100064794 /* Release */,
			);
			defaultConfigurationIsVisible = 0;
			defaultConfigurationName = Release;
		};
		7263843524A2D78100064794 /* Build configuration list for PBXNativeTarget "StepCounterUITests" */ = {
			isa = XCConfigurationList;
			buildConfigurations = (
				7263843624A2D78100064794 /* Debug */,
				7263843724A2D78100064794 /* Release */,
			);
			defaultConfigurationIsVisible = 0;
			defaultConfigurationName = Release;
		};
/* End XCConfigurationList section */
	};
	rootObject = 726383FD24A2D77F00064794 /* Project object */;
}
